
Microsoft Visual Studio Solution File, Format Version 12.00
# Visual Studio Version 17
VisualStudioVersion = 17.12.35527.113
MinimumVisualStudioVersion = 10.0.40219.1
Project("{FAE04EC0-301F-11D3-BF4B-00C04F79EFBC}") = "FirstApplication", "FirstApplication\FirstApplication.csproj", "{CA6A215C-BCF5-4AE0-A702-E862FD2F3ADC}"
EndProject
Project("{FAE04EC0-301F-11D3-BF4B-00C04F79EFBC}") = "SolveChallenge", "SolveChallenge\SolveChallenge.csproj", "{5C893C26-6C59-44CA-9AEE-06114A182530}"
EndProject
Project("{FAE04EC0-301F-11D3-BF4B-00C04F79EFBC}") = "CurrencyConverter", "CurrencyConverter\CurrencyConverter.csproj", "{DD1ABF47-67FB-4DF7-A1EC-7FDD0DEDC6CE}"
EndProject
Project("{FAE04EC0-301F-11D3-BF4B-00C04F79EFBC}") = "CarpetCleaningService", "CarpetCleaningService\CarpetCleaningService.csproj", "{56C05414-0F6F-4046-B6A0-C63E234EC77C}"
EndProject
Project("{FAE04EC0-301F-11D3-BF4B-00C04F79EFBC}") = "MyMethods", "MyMethods\MyMethods.csproj", "{445C6367-41DF-4EC6-93B4-F9D81F498858}"
EndProject
Project("{FAE04EC0-301F-11D3-BF4B-00C04F79EFBC}") = "ChallengesDay3", "ChallengesDay3\ChallengesDay3.csproj", "{5DA944CC-8231-4584-8D8C-9A1A7F956E90}"
EndProject
Project("{FAE04EC0-301F-11D3-BF4B-00C04F79EFBC}") = "LoopSummition", "LoopSummition\LoopSummition.csproj", "{5FF5441B-78D0-4711-B5BB-D15F41FE8AAD}"
EndProject
Project("{FAE04EC0-301F-11D3-BF4B-00C04F79EFBC}") = "SolveTaskDay3", "SolveTaskDay3\SolveTaskDay3.csproj", "{0064AB86-5EB8-4B92-8B85-23DD3FD72B79}"
EndProject
Project("{2150E333-8FDC-42A3-9474-1A3956D46DE8}") = "Solution Items", "Solution Items", "{39502DA5-D0CA-4797-87D1-C5EA88488554}"
	ProjectSection(SolutionItems) = preProject
		.editorconfig = .editorconfig
	EndProjectSection
EndProject
Project("{FAE04EC0-301F-11D3-BF4B-00C04F79EFBC}") = "ChallengeDay4", "ChallengeDay4\ChallengeDay4.csproj", "{C2762885-F552-4057-B2B7-EF2A606315DD}"
EndProject
Project("{FAE04EC0-301F-11D3-BF4B-00C04F79EFBC}") = "CalculateWhiteSpaces", "CalculateWhiteSpaces\CalculateWhiteSpaces.csproj", "{718A1CE1-0F86-4EDE-BDBD-4EA3B8010EF8}"
EndProject
Project("{FAE04EC0-301F-11D3-BF4B-00C04F79EFBC}") = "BounsTaskDay3", "BounsTaskDay3\BounsTaskDay3.csproj", "{4588B92E-9647-4214-81C1-6BCFDCBB30EF}"
EndProject
Global
	GlobalSection(SolutionConfigurationPlatforms) = preSolution
		Debug|Any CPU = Debug|Any CPU
		Release|Any CPU = Release|Any CPU
	EndGlobalSection
	GlobalSection(ProjectConfigurationPlatforms) = postSolution
		{CA6A215C-BCF5-4AE0-A702-E862FD2F3ADC}.Debug|Any CPU.ActiveCfg = Debug|Any CPU
		{CA6A215C-BCF5-4AE0-A702-E862FD2F3ADC}.Debug|Any CPU.Build.0 = Debug|Any CPU
		{CA6A215C-BCF5-4AE0-A702-E862FD2F3ADC}.Release|Any CPU.ActiveCfg = Release|Any CPU
		{CA6A215C-BCF5-4AE0-A702-E862FD2F3ADC}.Release|Any CPU.Build.0 = Release|Any CPU
		{5C893C26-6C59-44CA-9AEE-06114A182530}.Debug|Any CPU.ActiveCfg = Debug|Any CPU
		{5C893C26-6C59-44CA-9AEE-06114A182530}.Debug|Any CPU.Build.0 = Debug|Any CPU
		{5C893C26-6C59-44CA-9AEE-06114A182530}.Release|Any CPU.ActiveCfg = Release|Any CPU
		{5C893C26-6C59-44CA-9AEE-06114A182530}.Release|Any CPU.Build.0 = Release|Any CPU
		{DD1ABF47-67FB-4DF7-A1EC-7FDD0DEDC6CE}.Debug|Any CPU.ActiveCfg = Debug|Any CPU
		{DD1ABF47-67FB-4DF7-A1EC-7FDD0DEDC6CE}.Debug|Any CPU.Build.0 = Debug|Any CPU
		{DD1ABF47-67FB-4DF7-A1EC-7FDD0DEDC6CE}.Release|Any CPU.ActiveCfg = Release|Any CPU
		{DD1ABF47-67FB-4DF7-A1EC-7FDD0DEDC6CE}.Release|Any CPU.Build.0 = Release|Any CPU
		{56C05414-0F6F-4046-B6A0-C63E234EC77C}.Debug|Any CPU.ActiveCfg = Debug|Any CPU
		{56C05414-0F6F-4046-B6A0-C63E234EC77C}.Debug|Any CPU.Build.0 = Debug|Any CPU
		{56C05414-0F6F-4046-B6A0-C63E234EC77C}.Release|Any CPU.ActiveCfg = Release|Any CPU
		{56C05414-0F6F-4046-B6A0-C63E234EC77C}.Release|Any CPU.Build.0 = Release|Any CPU
		{445C6367-41DF-4EC6-93B4-F9D81F498858}.Debug|Any CPU.ActiveCfg = Debug|Any CPU
		{445C6367-41DF-4EC6-93B4-F9D81F498858}.Debug|Any CPU.Build.0 = Debug|Any CPU
		{445C6367-41DF-4EC6-93B4-F9D81F498858}.Release|Any CPU.ActiveCfg = Release|Any CPU
		{445C6367-41DF-4EC6-93B4-F9D81F498858}.Release|Any CPU.Build.0 = Release|Any CPU
		{5DA944CC-8231-4584-8D8C-9A1A7F956E90}.Debug|Any CPU.ActiveCfg = Debug|Any CPU
		{5DA944CC-8231-4584-8D8C-9A1A7F956E90}.Debug|Any CPU.Build.0 = Debug|Any CPU
		{5DA944CC-8231-4584-8D8C-9A1A7F956E90}.Release|Any CPU.ActiveCfg = Release|Any CPU
		{5DA944CC-8231-4584-8D8C-9A1A7F956E90}.Release|Any CPU.Build.0 = Release|Any CPU
		{5FF5441B-78D0-4711-B5BB-D15F41FE8AAD}.Debug|Any CPU.ActiveCfg = Debug|Any CPU
		{5FF5441B-78D0-4711-B5BB-D15F41FE8AAD}.Debug|Any CPU.Build.0 = Debug|Any CPU
		{5FF5441B-78D0-4711-B5BB-D15F41FE8AAD}.Release|Any CPU.ActiveCfg = Release|Any CPU
		{5FF5441B-78D0-4711-B5BB-D15F41FE8AAD}.Release|Any CPU.Build.0 = Release|Any CPU
		{0064AB86-5EB8-4B92-8B85-23DD3FD72B79}.Debug|Any CPU.ActiveCfg = Debug|Any CPU
		{0064AB86-5EB8-4B92-8B85-23DD3FD72B79}.Debug|Any CPU.Build.0 = Debug|Any CPU
		{0064AB86-5EB8-4B92-8B85-23DD3FD72B79}.Release|Any CPU.ActiveCfg = Release|Any CPU
		{0064AB86-5EB8-4B92-8B85-23DD3FD72B79}.Release|Any CPU.Build.0 = Release|Any CPU
		{C2762885-F552-4057-B2B7-EF2A606315DD}.Debug|Any CPU.ActiveCfg = Debug|Any CPU
		{C2762885-F552-4057-B2B7-EF2A606315DD}.Debug|Any CPU.Build.0 = Debug|Any CPU
		{C2762885-F552-4057-B2B7-EF2A606315DD}.Release|Any CPU.ActiveCfg = Release|Any CPU
		{C2762885-F552-4057-B2B7-EF2A606315DD}.Release|Any CPU.Build.0 = Release|Any CPU
		{718A1CE1-0F86-4EDE-BDBD-4EA3B8010EF8}.Debug|Any CPU.ActiveCfg = Debug|Any CPU
		{718A1CE1-0F86-4EDE-BDBD-4EA3B8010EF8}.Debug|Any CPU.Build.0 = Debug|Any CPU
		{718A1CE1-0F86-4EDE-BDBD-4EA3B8010EF8}.Release|Any CPU.ActiveCfg = Release|Any CPU
		{718A1CE1-0F86-4EDE-BDBD-4EA3B8010EF8}.Release|Any CPU.Build.0 = Release|Any CPU
		{4588B92E-9647-4214-81C1-6BCFDCBB30EF}.Debug|Any CPU.ActiveCfg = Debug|Any CPU
		{4588B92E-9647-4214-81C1-6BCFDCBB30EF}.Debug|Any CPU.Build.0 = Debug|Any CPU
		{4588B92E-9647-4214-81C1-6BCFDCBB30EF}.Release|Any CPU.ActiveCfg = Release|Any CPU
		{4588B92E-9647-4214-81C1-6BCFDCBB30EF}.Release|Any CPU.Build.0 = Release|Any CPU
	EndGlobalSection
	GlobalSection(SolutionProperties) = preSolution
		HideSolutionNode = FALSE
	EndGlobalSection
EndGlobal
